
Microsoft Visual Studio Solution File, Format Version 12.00
# Visual Studio Version 16
VisualStudioVersion = 16.0.31605.320
MinimumVisualStudioVersion = 10.0.40219.1
Project("{FAE04EC0-301F-11D3-BF4B-00C04F79EFBC}") = "TwitterPL", "TwitterPL\TwitterPL.csproj", "{645145FB-B367-474A-89AF-51E9A4278034}"
EndProject
Project("{FAE04EC0-301F-11D3-BF4B-00C04F79EFBC}") = "TwitterBL", "TwitterBL\TwitterBL.csproj", "{BF5E18EE-C2B2-43C8-B48D-DC05578156B0}"
EndProject
Project("{FAE04EC0-301F-11D3-BF4B-00C04F79EFBC}") = "TwitterDAL", "TwitterDAL\TwitterDAL.csproj", "{C2989398-99E9-4141-93CD-190A433A267D}"
EndProject
Global
	GlobalSection(SolutionConfigurationPlatforms) = preSolution
		Debug|Any CPU = Debug|Any CPU
		Release|Any CPU = Release|Any CPU
	EndGlobalSection
	GlobalSection(ProjectConfigurationPlatforms) = postSolution
		{645145FB-B367-474A-89AF-51E9A4278034}.Debug|Any CPU.ActiveCfg = Debug|Any CPU
		{645145FB-B367-474A-89AF-51E9A4278034}.Debug|Any CPU.Build.0 = Debug|Any CPU
		{645145FB-B367-474A-89AF-51E9A4278034}.Release|Any CPU.ActiveCfg = Release|Any CPU
		{645145FB-B367-474A-89AF-51E9A4278034}.Release|Any CPU.Build.0 = Release|Any CPU
		{BF5E18EE-C2B2-43C8-B48D-DC05578156B0}.Debug|Any CPU.ActiveCfg = Debug|Any CPU
		{BF5E18EE-C2B2-43C8-B48D-DC05578156B0}.Debug|Any CPU.Build.0 = Debug|Any CPU
		{BF5E18EE-C2B2-43C8-B48D-DC05578156B0}.Release|Any CPU.ActiveCfg = Release|Any CPU
		{BF5E18EE-C2B2-43C8-B48D-DC05578156B0}.Release|Any CPU.Build.0 = Release|Any CPU
		{C2989398-99E9-4141-93CD-190A433A267D}.Debug|Any CPU.ActiveCfg = Debug|Any CPU
		{C2989398-99E9-4141-93CD-190A433A267D}.Debug|Any CPU.Build.0 = Debug|Any CPU
		{C2989398-99E9-4141-93CD-190A433A267D}.Release|Any CPU.ActiveCfg = Release|Any CPU
		{C2989398-99E9-4141-93CD-190A433A267D}.Release|Any CPU.Build.0 = Release|Any CPU
	EndGlobalSection
	GlobalSection(SolutionProperties) = preSolution
		HideSolutionNode = FALSE
	EndGlobalSection
	GlobalSection(ExtensibilityGlobals) = postSolution
		SolutionGuid = {49E7DF07-A72A-4736-B855-4F5CA708EC65}
	EndGlobalSection
EndGlobal
